
Microsoft Visual Studio Solution File, Format Version 12.00
# Visual Studio Version 17
VisualStudioVersion = 17.3.32929.385
MinimumVisualStudioVersion = 10.0.40219.1
Project("{9A19103F-16F7-4668-BE54-9A1E7A4F7556}") = "DesafioPOO", "DesafioPOO.csproj", "{CFAD559E-45DB-4A6C-84E7-972A2849F9FF}"
EndProject
Global
	GlobalSection(SolutionConfigurationPlatforms) = preSolution
		Debug|Any CPU = Debug|Any CPU
		Release|Any CPU = Release|Any CPU
	EndGlobalSection
	GlobalSection(ProjectConfigurationPlatforms) = postSolution
		{CFAD559E-45DB-4A6C-84E7-972A2849F9FF}.Debug|Any CPU.ActiveCfg = Debug|Any CPU
		{CFAD559E-45DB-4A6C-84E7-972A2849F9FF}.Debug|Any CPU.Build.0 = Debug|Any CPU
		{CFAD559E-45DB-4A6C-84E7-972A2849F9FF}.Release|Any CPU.ActiveCfg = Release|Any CPU
		{CFAD559E-45DB-4A6C-84E7-972A2849F9FF}.Release|Any CPU.Build.0 = Release|Any CPU
	EndGlobalSection
	GlobalSection(SolutionProperties) = preSolution
		HideSolutionNode = FALSE
	EndGlobalSection
	GlobalSection(ExtensibilityGlobals) = postSolution
		SolutionGuid = {4CFF19BD-3735-4A01-953F-AF7E41EC2C9C}
	EndGlobalSection
EndGlobal
